
Microsoft Visual Studio Solution File, Format Version 12.00
# Visual Studio 15
VisualStudioVersion = 15.0.28307.329
MinimumVisualStudioVersion = 10.0.40219.1
Project("{FAE04EC0-301F-11D3-BF4B-00C04F79EFBC}") = "point-of-sale", "point-of-sale\point-of-sale.csproj", "{C72DD917-4BCB-4880-B9C1-588363768797}"
EndProject
Project("{FAE04EC0-301F-11D3-BF4B-00C04F79EFBC}") = "point-of-sale.Tests", "point-of-sale.Tests\point-of-sale.Tests.csproj", "{AD58321C-38B8-4492-8BCB-E00EFD814484}"
EndProject
Global
	GlobalSection(SolutionConfigurationPlatforms) = preSolution
		Debug|Any CPU = Debug|Any CPU
		Release|Any CPU = Release|Any CPU
	EndGlobalSection
	GlobalSection(ProjectConfigurationPlatforms) = postSolution
		{C72DD917-4BCB-4880-B9C1-588363768797}.Debug|Any CPU.ActiveCfg = Debug|Any CPU
		{C72DD917-4BCB-4880-B9C1-588363768797}.Debug|Any CPU.Build.0 = Debug|Any CPU
		{C72DD917-4BCB-4880-B9C1-588363768797}.Release|Any CPU.ActiveCfg = Release|Any CPU
		{C72DD917-4BCB-4880-B9C1-588363768797}.Release|Any CPU.Build.0 = Release|Any CPU
		{AD58321C-38B8-4492-8BCB-E00EFD814484}.Debug|Any CPU.ActiveCfg = Debug|Any CPU
		{AD58321C-38B8-4492-8BCB-E00EFD814484}.Debug|Any CPU.Build.0 = Debug|Any CPU
		{AD58321C-38B8-4492-8BCB-E00EFD814484}.Release|Any CPU.ActiveCfg = Release|Any CPU
		{AD58321C-38B8-4492-8BCB-E00EFD814484}.Release|Any CPU.Build.0 = Release|Any CPU
	EndGlobalSection
	GlobalSection(SolutionProperties) = preSolution
		HideSolutionNode = FALSE
	EndGlobalSection
	GlobalSection(ExtensibilityGlobals) = postSolution
		SolutionGuid = {5DA484F7-C3B4-459C-A4D1-8CA248FAEBC1}
	EndGlobalSection
EndGlobal
